lockfileVersion: 5.3

importers:

  packages/fastify-sign-in-with-ethereum:
    specifiers:
      fastify-plugin: ^3.0.1
    dependencies:
      fastify-plugin: 3.0.1

packages:

  /fastify-plugin/3.0.1:
    resolution: {integrity: sha512-qKcDXmuZadJqdTm6vlCqioEbyewF60b/0LOFCcYN1B6BIZGlYJumWWOYs70SFYLDAH4YqdE1cxH/RKMG7rFxgA==}
    dev: false
